
Microsoft Visual Studio Solution File, Format Version 12.00
# Visual Studio Version 17
VisualStudioVersion = 17.5.33627.172
MinimumVisualStudioVersion = 10.0.40219.1
Project("{FAE04EC0-301F-11D3-BF4B-00C04F79EFBC}") = "week3", "week3\week3.csproj", "{7D2CC803-584A-4FD8-9395-E0FA361D213C}"
EndProject
Global
	GlobalSection(SolutionConfigurationPlatforms) = preSolution
		Debug|Any CPU = Debug|Any CPU
		Release|Any CPU = Release|Any CPU
	EndGlobalSection
	GlobalSection(ProjectConfigurationPlatforms) = postSolution
		{7D2CC803-584A-4FD8-9395-E0FA361D213C}.Debug|Any CPU.ActiveCfg = Debug|Any CPU
		{7D2CC803-584A-4FD8-9395-E0FA361D213C}.Debug|Any CPU.Build.0 = Debug|Any CPU
		{7D2CC803-584A-4FD8-9395-E0FA361D213C}.Release|Any CPU.ActiveCfg = Release|Any CPU
		{7D2CC803-584A-4FD8-9395-E0FA361D213C}.Release|Any CPU.Build.0 = Release|Any CPU
	EndGlobalSection
	GlobalSection(SolutionProperties) = preSolution
		HideSolutionNode = FALSE
	EndGlobalSection
	GlobalSection(ExtensibilityGlobals) = postSolution
		SolutionGuid = {7E76CF36-D4BA-4B06-BD48-0D3B8E9A386C}
	EndGlobalSection
EndGlobal
